
Microsoft Visual Studio Solution File, Format Version 12.00
# Visual Studio 2013
VisualStudioVersion = 12.0.40629.0
MinimumVisualStudioVersion = 10.0.40219.1
Project("{FAE04EC0-301F-11D3-BF4B-00C04F79EFBC}") = "APIService", "APIService\APIService.csproj", "{3AB8A207-A268-49BE-ADBA-B9359BCAD107}"
EndProject
Project("{FAE04EC0-301F-11D3-BF4B-00C04F79EFBC}") = "MVC_Client", "MVC_Client\MVC_Client.csproj", "{52C51C60-3ED3-4903-8067-2117570D59D1}"
EndProject
Global
	GlobalSection(SolutionConfigurationPlatforms) = preSolution
		Debug|Any CPU = Debug|Any CPU
		Release|Any CPU = Release|Any CPU
	EndGlobalSection
	GlobalSection(ProjectConfigurationPlatforms) = postSolution
		{3AB8A207-A268-49BE-ADBA-B9359BCAD107}.Debug|Any CPU.ActiveCfg = Debug|Any CPU
		{3AB8A207-A268-49BE-ADBA-B9359BCAD107}.Debug|Any CPU.Build.0 = Debug|Any CPU
		{3AB8A207-A268-49BE-ADBA-B9359BCAD107}.Release|Any CPU.ActiveCfg = Release|Any CPU
		{3AB8A207-A268-49BE-ADBA-B9359BCAD107}.Release|Any CPU.Build.0 = Release|Any CPU
		{52C51C60-3ED3-4903-8067-2117570D59D1}.Debug|Any CPU.ActiveCfg = Debug|Any CPU
		{52C51C60-3ED3-4903-8067-2117570D59D1}.Debug|Any CPU.Build.0 = Debug|Any CPU
		{52C51C60-3ED3-4903-8067-2117570D59D1}.Release|Any CPU.ActiveCfg = Release|Any CPU
		{52C51C60-3ED3-4903-8067-2117570D59D1}.Release|Any CPU.Build.0 = Release|Any CPU
	EndGlobalSection
	GlobalSection(SolutionProperties) = preSolution
		HideSolutionNode = FALSE
	EndGlobalSection
EndGlobal
